
Microsoft Visual Studio Solution File, Format Version 12.00
# Visual Studio 14
VisualStudioVersion = 14.0.23107.0
MinimumVisualStudioVersion = 10.0.40219.1
Project("{FAE04EC0-301F-11D3-BF4B-00C04F79EFBC}") = "SoundboardService", "SoundboardService\SoundboardService.csproj", "{285E0349-B7A5-441D-9B24-51DE9152CC69}"
EndProject
Project("{FAE04EC0-301F-11D3-BF4B-00C04F79EFBC}") = "SoundboardService.Tests", "SoundboardService.Tests\SoundboardService.Tests.csproj", "{6429DF4F-9173-4321-B16A-FEDE15D7C7E3}"
EndProject
Project("{FAE04EC0-301F-11D3-BF4B-00C04F79EFBC}") = "Soundboard", "Soundboard\Soundboard.csproj", "{5D6DF522-B06E-4EB9-BECC-2AE6AE81682C}"
EndProject
Project("{FAE04EC0-301F-11D3-BF4B-00C04F79EFBC}") = "Soundboard.Tests", "Soundboard.Tests\Soundboard.Tests.csproj", "{3CA733F4-2AB5-42A9-9E3D-5AD91E24035A}"
EndProject
Global
	GlobalSection(SolutionConfigurationPlatforms) = preSolution
		Debug|Any CPU = Debug|Any CPU
		Release|Any CPU = Release|Any CPU
	EndGlobalSection
	GlobalSection(ProjectConfigurationPlatforms) = postSolution
		{285E0349-B7A5-441D-9B24-51DE9152CC69}.Debug|Any CPU.ActiveCfg = Debug|Any CPU
		{285E0349-B7A5-441D-9B24-51DE9152CC69}.Debug|Any CPU.Build.0 = Debug|Any CPU
		{285E0349-B7A5-441D-9B24-51DE9152CC69}.Release|Any CPU.ActiveCfg = Release|Any CPU
		{285E0349-B7A5-441D-9B24-51DE9152CC69}.Release|Any CPU.Build.0 = Release|Any CPU
		{6429DF4F-9173-4321-B16A-FEDE15D7C7E3}.Debug|Any CPU.ActiveCfg = Debug|Any CPU
		{6429DF4F-9173-4321-B16A-FEDE15D7C7E3}.Debug|Any CPU.Build.0 = Debug|Any CPU
		{6429DF4F-9173-4321-B16A-FEDE15D7C7E3}.Release|Any CPU.ActiveCfg = Release|Any CPU
		{6429DF4F-9173-4321-B16A-FEDE15D7C7E3}.Release|Any CPU.Build.0 = Release|Any CPU
		{5D6DF522-B06E-4EB9-BECC-2AE6AE81682C}.Debug|Any CPU.ActiveCfg = Debug|Any CPU
		{5D6DF522-B06E-4EB9-BECC-2AE6AE81682C}.Debug|Any CPU.Build.0 = Debug|Any CPU
		{5D6DF522-B06E-4EB9-BECC-2AE6AE81682C}.Release|Any CPU.ActiveCfg = Release|Any CPU
		{5D6DF522-B06E-4EB9-BECC-2AE6AE81682C}.Release|Any CPU.Build.0 = Release|Any CPU
		{3CA733F4-2AB5-42A9-9E3D-5AD91E24035A}.Debug|Any CPU.ActiveCfg = Debug|Any CPU
		{3CA733F4-2AB5-42A9-9E3D-5AD91E24035A}.Debug|Any CPU.Build.0 = Debug|Any CPU
		{3CA733F4-2AB5-42A9-9E3D-5AD91E24035A}.Release|Any CPU.ActiveCfg = Release|Any CPU
		{3CA733F4-2AB5-42A9-9E3D-5AD91E24035A}.Release|Any CPU.Build.0 = Release|Any CPU
	EndGlobalSection
	GlobalSection(SolutionProperties) = preSolution
		HideSolutionNode = FALSE
	EndGlobalSection
EndGlobal
